{
    "_meta": {
        "hash": {
            "sha256": "ad1a60122d4d9d77d7dd1681718f6b88ff431373a5934fdc7bcdf678606c9300"
        },
        "pipfile-spec": 6,
        "requires": {},
        "sources": [
            {
                "name": "pypi",
                "url": "https://pypi.python.org/simple",
                "verify_ssl": true
            }
        ]
    },
    "default": {
        "ananas": {
            "hashes": [
                "sha256:c6a3029da46dde5014beeff29b17ae0c2799be77088604df718d8246773c099f"
            ],
            "index": "pypi",
            "version": "==1.0.0b12"
        },
        "beautifulsoup4": {
            "hashes": [
                "sha256:05fd825eb01c290877657a56df4c6e4c311b3965bda790c613a3d6fb01a5462a",
                "sha256:9fbb4d6e48ecd30bcacc5b63b94088192dcda178513b2ae3c394229f8911b887",
                "sha256:e1505eeed31b0f4ce2dbb3bc8eb256c04cc2b3b72af7d551a4ab6efd5cbe5dae"
            ],
            "index": "pypi",
            "version": "==4.8.2"
        },
        "blurhash": {
            "hashes": [
                "sha256:7611c1bc41383d2349b6129208587b5d61e8792ce953893cb49c38beeb400d1d",
                "sha256:da56b163e5a816e4ad07172f5639287698e09d7f3dc38d18d9726d9c1dbc4cee"
            ],
            "version": "==1.1.4"
        },
        "certifi": {
            "hashes": [
                "sha256:017c25db2a153ce562900032d5bc68e9f191e44e9a0f762f373977de9df1fbb3",
                "sha256:25b64c7da4cd7479594d035c08c2d809eb4aab3a26e5a990ea98cc450c320f1f"
            ],
            "version": "==2019.11.28"
        },
        "chardet": {
            "hashes": [
                "sha256:84ab92ed1c4d4f16916e05906b6b75a6c0fb5db821cc65e70cbd64a3e2a5eaae",
                "sha256:fc323ffcaeaed0e0a02bf4d117757b98aed530d9ed4531e3e15460124c106691"
            ],
            "version": "==3.0.4"
        },
        "configobj": {
            "hashes": [
                "sha256:a2f5650770e1c87fb335af19a9b7eb73fc05ccf22144eb68db7d00cd2bcb0902"
            ],
            "version": "==5.0.6"
        },
        "decorator": {
            "hashes": [
                "sha256:41fa54c2a0cc4ba648be4fd43cff00aedf5b9465c9bf18d64325bc225f08f760",
                "sha256:e3a62f0520172440ca0dcc823749319382e377f37f140a0b99ef45fecb84bfe7"
            ],
            "version": "==4.4.2"
        },
        "idna": {
            "hashes": [
                "sha256:7588d1c14ae4c77d74036e8c22ff447b26d0fde8f007354fd48a7814db15b7cb",
                "sha256:a068a21ceac8a4d63dbfd964670474107f541babbd2250d61922f029858365fa"
            ],
            "version": "==2.9"
        },
        "mastodon.py": {
            "hashes": [
                "sha256:2afddbad8b5d7326fcc8a8f8c62bfe956e34627f516b06c6694fc8c8fedc33ee",
                "sha256:cc454cac0ed1ae4f105f7399ea53f5b31a1be5075d1882f47162d2e78a9e4064"
            ],
            "version": "==1.5.1"
        },
        "more-itertools": {
            "hashes": [
                "sha256:5dd8bcf33e5f9513ffa06d5ad33d78f31e1931ac9a18f33d37e77a180d393a7c",
                "sha256:b1ddb932186d8a6ac451e1d95844b382f55e12686d51ca0c68b6f61f2ab7a507"
            ],
            "version": "==8.2.0"
        },
        "pillow": {
            "hashes": [
                "sha256:0011ec16bcab9f2f07afa95081ee025b3f0fe428611a000df0fbcb51dd873ca0",
                "sha256:0e5aedc62a78525fcfbec417d8db0073dff5de9d8544047f619d208e2cd3d323",
                "sha256:196d9ff5d0b070b50cd3a3c59ffa3b41232ca34dbd09e262bfa32047229d4b16",
                "sha256:1e1ed97d93676ba6e19124f8054ed439825292cecb490370729f90a27585f180",
                "sha256:2f44dc402c643a88b9453c6fce84e20b16352df42a98ab013aaebe07e1a1c478",
                "sha256:32facad1f01111505c0fa3f15b2acac13af231f6dc0e68927c8d2d23df8c25c5",
                "sha256:3d4e8b208346374e820bc5f88e753a4a2d35b6ead0aa1f45dcc7b9206780b983",
                "sha256:65422a17c9d08bf56d8eb0ce5c83863e050cec5f15e8b2042c955aa724ce515d",
                "sha256:75513b87a441c093a26a75974cd8373d8d40476cdb178309e8c2f2a534033ea3",
                "sha256:7ccf6e86bd9f7301b883c6ba180309ca6bd566b0324eb66566b0b841c974558e",
                "sha256:7dacf81a6b6b724a263c27a364030f81eef97398acda67d1ac50e722ad3cec59",
                "sha256:81655ad8b10acf81a644ad88faa9cd19ab2930f1b83ff6d32217f00de602b6e5",
                "sha256:83ab411759b9e1f6a695bea321e835bed448f767711da2630d597dabc69d0350",
                "sha256:87562ac8e35b873eabed6b02259dcec05d7c776fa6c478865fcb147f17ec7530",
                "sha256:c85cce00769e162cf50fc21451be9e627f60a9be22172d684c05dc7d0141c55b",
                "sha256:d071c33320c6f66730d1adea0bfd468ab5453627ff8974a6e56f43a48c60bce5",
                "sha256:dd4c3cfa93626ed08005abf3aa52b50dae28bf0bc4cb5a4626e9ce6878e7f700",
                "sha256:e0fbed3f29291c0e4b83c7f21809a709f5a46eefdad236ec2a11096ebb76c6ae",
                "sha256:ecabe2323e4ed3ce24eaea2120aca395723dd301e9fb03d7e0912a61343fc7f3",
                "sha256:f8e26f68b5f7b15ad9d1cc2c28ea57fe8c2f9dfee77f4e0519e833fdbe2feb8d",
                "sha256:fb13e40bd17615a03192f03cab35df0fbfb61ab58ef08ece42884a6bd314faf4",
                "sha256:fb1f9faa2984918cd7a3b18db1192463e0030500cb060c974b5fd98c13276a8e"
            ],
            "index": "pypi",
            "version": "==7.1.0"
        },
        "python-dateutil": {
            "hashes": [
                "sha256:73ebfe9dbf22e832286dafa60473e4cd239f8592f699aa5adaf10050e6e1823c",
                "sha256:75bb3f31ea686f1197762692a9ee6a7550b59fc6ca3a1f4b5d7e32fb98e2da2a"
            ],
            "version": "==2.8.1"
        },
        "python-magic": {
            "hashes": [
                "sha256:f2674dcfad52ae6c49d4803fa027809540b130db1dec928cfbb9240316831375",
                "sha256:f3765c0f582d2dfc72c15f3b5a82aecfae9498bd29ca840d72f37d7bd38bfcd5"
            ],
            "version": "==0.4.15"
        },
        "pytz": {
            "hashes": [
                "sha256:1c557d7d0e871de1f5ccd5833f60fb2550652da6be2693c1e02300743d21500d",
                "sha256:b02c06db6cf09c12dd25137e563b31700d3b80fcc4ad23abb7a315f2789819be"
            ],
            "version": "==2019.3"
        },
        "requests": {
            "hashes": [
                "sha256:43999036bfa82904b6af1d99e4882b560e5e2c68e5c4b0aa03b655f3d7d73fee",
                "sha256:b3f43d496c6daba4493e7c431722aeb7dbc6288f52a6e04e7b6023b0247817e6"
            ],
            "index": "pypi",
            "version": "==2.23.0"
        },
        "six": {
            "hashes": [
                "sha256:236bdbdce46e6e6a3d61a337c0f8b763ca1e8717c03b369e87a7ec7ce1319c0a",
                "sha256:8f3cd2e254d8f793e7f3d6d9df77b92252b52637291d0f0da013c76ea2724b6c"
            ],
            "version": "==1.14.0"
        },
        "soupsieve": {
            "hashes": [
                "sha256:e914534802d7ffd233242b785229d5ba0766a7f487385e3f714446a07bf540ae",
                "sha256:fcd71e08c0aee99aca1b73f45478549ee7e7fc006d51b37bec9e9def7dc22b69"
            ],
            "version": "==2.0"
        },
        "urllib3": {
            "hashes": [
                "sha256:2f3db8b19923a873b3e5256dc9c2dedfa883e33d87c690d9c7913e1f40673cdc",
                "sha256:87716c2d2a7121198ebcb7ce7cccf6ce5e9ba539041cfbaeecfb641dc0bf6acc"
            ],
            "version": "==1.25.8"
        }
    },
    "develop": {}
}
